
Microsoft Visual Studio Solution File, Format Version 12.00
# Visual Studio Version 17
VisualStudioVersion = 17.4.33213.308
MinimumVisualStudioVersion = 10.0.40219.1
Project("{9A19103F-16F7-4668-BE54-9A1E7A4F7556}") = "LC", "LeetCode\LC.csproj", "{56439491-06F9-4601-9927-BF03BFE10E5D}"
EndProject
Global
	GlobalSection(SolutionConfigurationPlatforms) = preSolution
		Debug|Any CPU = Debug|Any CPU
		Release|Any CPU = Release|Any CPU
	EndGlobalSection
	GlobalSection(ProjectConfigurationPlatforms) = postSolution
		{56439491-06F9-4601-9927-BF03BFE10E5D}.Debug|Any CPU.ActiveCfg = Debug|Any CPU
		{56439491-06F9-4601-9927-BF03BFE10E5D}.Debug|Any CPU.Build.0 = Debug|Any CPU
		{56439491-06F9-4601-9927-BF03BFE10E5D}.Release|Any CPU.ActiveCfg = Release|Any CPU
		{56439491-06F9-4601-9927-BF03BFE10E5D}.Release|Any CPU.Build.0 = Release|Any CPU
	EndGlobalSection
	GlobalSection(SolutionProperties) = preSolution
		HideSolutionNode = FALSE
	EndGlobalSection
	GlobalSection(ExtensibilityGlobals) = postSolution
		SolutionGuid = {B2AFE095-2A1D-4E6C-AA30-4FA6A59313BB}
	EndGlobalSection
EndGlobal
